
Microsoft Visual Studio Solution File, Format Version 12.00
# Visual Studio Version 17
VisualStudioVersion = 17.7.34031.279
MinimumVisualStudioVersion = 10.0.40219.1
Project("{FAE04EC0-301F-11D3-BF4B-00C04F79EFBC}") = "HiEncrypt", "HiEncrypt\HiEncrypt.csproj", "{0FB053D3-712C-4360-B8F1-91F25BCC3E80}"
EndProject
Global
	GlobalSection(SolutionConfigurationPlatforms) = preSolution
		Debug|Any CPU = Debug|Any CPU
		Release|Any CPU = Release|Any CPU
	EndGlobalSection
	GlobalSection(ProjectConfigurationPlatforms) = postSolution
		{0FB053D3-712C-4360-B8F1-91F25BCC3E80}.Debug|Any CPU.ActiveCfg = Debug|Any CPU
		{0FB053D3-712C-4360-B8F1-91F25BCC3E80}.Debug|Any CPU.Build.0 = Debug|Any CPU
		{0FB053D3-712C-4360-B8F1-91F25BCC3E80}.Release|Any CPU.ActiveCfg = Release|Any CPU
		{0FB053D3-712C-4360-B8F1-91F25BCC3E80}.Release|Any CPU.Build.0 = Release|Any CPU
	EndGlobalSection
	GlobalSection(SolutionProperties) = preSolution
		HideSolutionNode = FALSE
	EndGlobalSection
	GlobalSection(ExtensibilityGlobals) = postSolution
		SolutionGuid = {48F2E6AA-C791-4857-AF9F-31BA894B0D53}
	EndGlobalSection
EndGlobal
